// !$*UTF8*$!
{
	archiveVersion = 1;
	classes = {
	};
	objectVersion = 56;
	objects = {

/* Begin PBXBuildFile section */
		F0F1166A28F1D47D0052CCA4 /* AppDelegate.swift in Sources */ = {isa = PBXBuildFile; fileRef = F0F1166928F1D47D0052CCA4 /* AppDelegate.swift */; };
		F0F1166C28F1D47D0052CCA4 /* SceneDelegate.swift in Sources */ = {isa = PBXBuildFile; fileRef = F0F1166B28F1D47D0052CCA4 /* SceneDelegate.swift */; };
		F0F1166E28F1D47D0052CCA4 /* ViewController.swift in Sources */ = {isa = PBXBuildFile; fileRef = F0F1166D28F1D47D0052CCA4 /* ViewController.swift */; };
		F0F1167128F1D47D0052CCA4 /* Main.storyboard in Resources */ = {isa = PBXBuildFile; fileRef = F0F1166F28F1D47D0052CCA4 /* Main.storyboard */; };
		F0F1167428F1D47D0052CCA4 /* Chapter07_CoreData.xcdatamodeld in Sources */ = {isa = PBXBuildFile; fileRef = F0F1167228F1D47D0052CCA4 /* Chapter07_CoreData.xcdatamodeld */; };
		F0F1167628F1D47D0052CCA4 /* Assets.xcassets in Resources */ = {isa = PBXBuildFile; fileRef = F0F1167528F1D47D0052CCA4 /* Assets.xcassets */; };
		F0F1167928F1D47D0052CCA4 /* LaunchScreen.storyboard in Resources */ = {isa = PBXBuildFile; fileRef = F0F1167728F1D47D0052CCA4 /* LaunchScreen.storyboard */; };
		F0F1168128F1E10B0052CCA4 /* ListVC.swift in Sources */ = {isa = PBXBuildFile; fileRef = F0F1168028F1E10B0052CCA4 /* ListVC.swift */; };
		F0F1168328F1EFEF0052CCA4 /* LogMO.swift in Sources */ = {isa = PBXBuildFile; fileRef = F0F1168228F1EFEF0052CCA4 /* LogMO.swift */; };
		F0F1168528F1F07C0052CCA4 /* BoardMO.swift in Sources */ = {isa = PBXBuildFile; fileRef = F0F1168428F1F07C0052CCA4 /* BoardMO.swift */; };
		F0F1168728F1F1260052CCA4 /* LogVC.swift in Sources */ = {isa = PBXBuildFile; fileRef = F0F1168628F1F1260052CCA4 /* LogVC.swift */; };
/* End PBXBuildFile section */

/* Begin PBXFileReference section */
		F0F1166628F1D47D0052CCA4 /* Chapter07-CoreData.app */ = {isa = PBXFileReference; explicitFileType = wrapper.application; includeInIndex = 0; path = "Chapter07-CoreData.app"; sourceTree = BUILT_PRODUCTS_DIR; };
		F0F1166928F1D47D0052CCA4 /* AppDelegate.swift */ = {isa = PBXFileReference; lastKnownFileType = sourcecode.swift; path = AppDelegate.swift; sourceTree = "<group>"; };
		F0F1166B28F1D47D0052CCA4 /* SceneDelegate.swift */ = {isa = PBXFileReference; lastKnownFileType = sourcecode.swift; path = SceneDelegate.swift; sourceTree = "<group>"; };
		F0F1166D28F1D47D0052CCA4 /* ViewController.swift */ = {isa = PBXFileReference; lastKnownFileType = sourcecode.swift; path = ViewController.swift; sourceTree = "<group>"; };
		F0F1167028F1D47D0052CCA4 /* Base */ = {isa = PBXFileReference; lastKnownFileType = file.storyboard; name = Base; path = Base.lproj/Main.storyboard; sourceTree = "<group>"; };
		F0F1167328F1D47D0052CCA4 /* Chapter07_CoreData.xcdatamodel */ = {isa = PBXFileReference; lastKnownFileType = wrapper.xcdatamodel; path = Chapter07_CoreData.xcdatamodel; sourceTree = "<group>"; };
		F0F1167528F1D47D0052CCA4 /* Assets.xcassets */ = {isa = PBXFileReference; lastKnownFileType = folder.assetcatalog; path = Assets.xcassets; sourceTree = "<group>"; };
		F0F1167828F1D47D0052CCA4 /* Base */ = {isa = PBXFileReference; lastKnownFileType = file.storyboard; name = Base; path = Base.lproj/LaunchScreen.storyboard; sourceTree = "<group>"; };
		F0F1167A28F1D47D0052CCA4 /* Info.plist */ = {isa = PBXFileReference; lastKnownFileType = text.plist.xml; path = Info.plist; sourceTree = "<group>"; };
		F0F1168028F1E10B0052CCA4 /* ListVC.swift */ = {isa = PBXFileReference; lastKnownFileType = sourcecode.swift; path = ListVC.swift; sourceTree = "<group>"; };
		F0F1168228F1EFEF0052CCA4 /* LogMO.swift */ = {isa = PBXFileReference; lastKnownFileType = sourcecode.swift; path = LogMO.swift; sourceTree = "<group>"; };
		F0F1168428F1F07C0052CCA4 /* BoardMO.swift */ = {isa = PBXFileReference; lastKnownFileType = sourcecode.swift; path = BoardMO.swift; sourceTree = "<group>"; };
		F0F1168628F1F1260052CCA4 /* LogVC.swift */ = {isa = PBXFileReference; lastKnownFileType = sourcecode.swift; path = LogVC.swift; sourceTree = "<group>"; };
/* End PBXFileReference section */

/* Begin PBXFrameworksBuildPhase section */
		F0F1166328F1D47D0052CCA4 /* Frameworks */ = {
			isa = PBXFrameworksBuildPhase;
			buildActionMask = 2147483647;
			files = (
			);
			runOnlyForDeploymentPostprocessing = 0;
		};
/* End PBXFrameworksBuildPhase section */

/* Begin PBXGroup section */
		F0F1165D28F1D47D0052CCA4 = {
			isa = PBXGroup;
			children = (
				F0F1166828F1D47D0052CCA4 /* Chapter07-CoreData */,
				F0F1166728F1D47D0052CCA4 /* Products */,
			);
			sourceTree = "<group>";
		};
		F0F1166728F1D47D0052CCA4 /* Products */ = {
			isa = PBXGroup;
			children = (
				F0F1166628F1D47D0052CCA4 /* Chapter07-CoreData.app */,
			);
			name = Products;
			sourceTree = "<group>";
		};
		F0F1166828F1D47D0052CCA4 /* Chapter07-CoreData */ = {
			isa = PBXGroup;
			children = (
				F0F1166928F1D47D0052CCA4 /* AppDelegate.swift */,
				F0F1166B28F1D47D0052CCA4 /* SceneDelegate.swift */,
				F0F1166D28F1D47D0052CCA4 /* ViewController.swift */,
				F0F1168028F1E10B0052CCA4 /* ListVC.swift */,
				F0F1168628F1F1260052CCA4 /* LogVC.swift */,
				F0F1168228F1EFEF0052CCA4 /* LogMO.swift */,
				F0F1168428F1F07C0052CCA4 /* BoardMO.swift */,
				F0F1166F28F1D47D0052CCA4 /* Main.storyboard */,
				F0F1167528F1D47D0052CCA4 /* Assets.xcassets */,
				F0F1167728F1D47D0052CCA4 /* LaunchScreen.storyboard */,
				F0F1167A28F1D47D0052CCA4 /* Info.plist */,
				F0F1167228F1D47D0052CCA4 /* Chapter07_CoreData.xcdatamodeld */,
			);
			path = "Chapter07-CoreData";
			sourceTree = "<group>";
		};
/* End PBXGroup section */

/* Begin PBXNativeTarget section */
		F0F1166528F1D47D0052CCA4 /* Chapter07-CoreData */ = {
			isa = PBXNativeTarget;
			buildConfigurationList = F0F1167D28F1D47D0052CCA4 /* Build configuration list for PBXNativeTarget "Chapter07-CoreData" */;
			buildPhases = (
				F0F1166228F1D47D0052CCA4 /* Sources */,
				F0F1166328F1D47D0052CCA4 /* Frameworks */,
				F0F1166428F1D47D0052CCA4 /* Resources */,
			);
			buildRules = (
			);
			dependencies = (
			);
			name = "Chapter07-CoreData";
			productName = "Chapter07-CoreData";
			productReference = F0F1166628F1D47D0052CCA4 /* Chapter07-CoreData.app */;
			productType = "com.apple.product-type.application";
		};
/* End PBXNativeTarget section */

/* Begin PBXProject section */
		F0F1165E28F1D47D0052CCA4 /* Project object */ = {
			isa = PBXProject;
			attributes = {
				BuildIndependentTargetsInParallel = 1;
				LastSwiftUpdateCheck = 1400;
				LastUpgradeCheck = 1400;
				TargetAttributes = {
					F0F1166528F1D47D0052CCA4 = {
						CreatedOnToolsVersion = 14.0.1;
					};
				};
			};
			buildConfigurationList = F0F1166128F1D47D0052CCA4 /* Build configuration list for PBXProject "Chapter07-CoreData" */;
			compatibilityVersion = "Xcode 14.0";
			developmentRegion = en;
			hasScannedForEncodings = 0;
			knownRegions = (
				en,
				Base,
			);
			mainGroup = F0F1165D28F1D47D0052CCA4;
			productRefGroup = F0F1166728F1D47D0052CCA4 /* Products */;
			projectDirPath = "";
			projectRoot = "";
			targets = (
				F0F1166528F1D47D0052CCA4 /* Chapter07-CoreData */,
			);
		};
/* End PBXProject section */

/* Begin PBXResourcesBuildPhase section */
		F0F1166428F1D47D0052CCA4 /* Resources */ = {
			isa = PBXResourcesBuildPhase;
			buildActionMask = 2147483647;
			files = (
				F0F1167928F1D47D0052CCA4 /* LaunchScreen.storyboard in Resources */,
				F0F1167628F1D47D0052CCA4 /* Assets.xcassets in Resources */,
				F0F1167128F1D47D0052CCA4 /* Main.storyboard in Resources */,
			);
			runOnlyForDeploymentPostprocessing = 0;
		};
/* End PBXResourcesBuildPhase section */

/* Begin PBXSourcesBuildPhase section */
		F0F1166228F1D47D0052CCA4 /* Sources */ = {
			isa = PBXSourcesBuildPhase;
			buildActionMask = 2147483647;
			files = (
				F0F1168528F1F07C0052CCA4 /* BoardMO.swift in Sources */,
				F0F1168728F1F1260052CCA4 /* LogVC.swift in Sources */,
				F0F1166E28F1D47D0052CCA4 /* ViewController.swift in Sources */,
				F0F1168128F1E10B0052CCA4 /* ListVC.swift in Sources */,
				F0F1168328F1EFEF0052CCA4 /* LogMO.swift in Sources */,
				F0F1166A28F1D47D0052CCA4 /* AppDelegate.swift in Sources */,
				F0F1166C28F1D47D0052CCA4 /* SceneDelegate.swift in Sources */,
				F0F1167428F1D47D0052CCA4 /* Chapter07_CoreData.xcdatamodeld in Sources */,
			);
			runOnlyForDeploymentPostprocessing = 0;
		};
/* End PBXSourcesBuildPhase section */

/* Begin PBXVariantGroup section */
		F0F1166F28F1D47D0052CCA4 /* Main.storyboard */ = {
			isa = PBXVariantGroup;
			children = (
				F0F1167028F1D47D0052CCA4 /* Base */,
			);
			name = Main.storyboard;
			sourceTree = "<group>";
		};
		F0F1167728F1D47D0052CCA4 /* LaunchScreen.storyboard */ = {
			isa = PBXVariantGroup;
			children = (
				F0F1167828F1D47D0052CCA4 /* Base */,
			);
			name = LaunchScreen.storyboard;
			sourceTree = "<group>";
		};
/* End PBXVariantGroup section */

/* Begin XCBuildConfiguration section */
		F0F1167B28F1D47D0052CCA4 /* Debug */ = {
			isa = XCBuildConfiguration;
			buildSettings = {
				ALWAYS_SEARCH_USER_PATHS = NO;
				CLANG_ANALYZER_NONNULL = YES;
				CLANG_ANALYZER_NUMBER_OBJECT_CONVERSION = YES_AGGRESSIVE;
				CLANG_CXX_LANGUAGE_STANDARD = "gnu++20";
				CLANG_ENABLE_MODULES = YES;
				CLANG_ENABLE_OBJC_ARC = YES;
				CLANG_ENABLE_OBJC_WEAK = YES;
				CLANG_WARN_BLOCK_CAPTURE_AUTORELEASING = YES;
				CLANG_WARN_BOOL_CONVERSION = YES;
				CLANG_WARN_COMMA = YES;
				CLANG_WARN_CONSTANT_CONVERSION = YES;
				CLANG_WARN_DEPRECATED_OBJC_IMPLEMENTATIONS = YES;
				CLANG_WARN_DIRECT_OBJC_ISA_USAGE = YES_ERROR;
				CLANG_WARN_DOCUMENTATION_COMMENTS = YES;
				CLANG_WARN_EMPTY_BODY = YES;
				CLANG_WARN_ENUM_CONVERSION = YES;
				CLANG_WARN_INFINITE_RECURSION = YES;
				CLANG_WARN_INT_CONVERSION = YES;
				CLANG_WARN_NON_LITERAL_NULL_CONVERSION = YES;
				CLANG_WARN_OBJC_IMPLICIT_RETAIN_SELF = YES;
				CLANG_WARN_OBJC_LITERAL_CONVERSION = YES;
				CLANG_WARN_OBJC_ROOT_CLASS = YES_ERROR;
				CLANG_WARN_QUOTED_INCLUDE_IN_FRAMEWORK_HEADER = YES;
				CLANG_WARN_RANGE_LOOP_ANALYSIS = YES;
				CLANG_WARN_STRICT_PROTOTYPES = YES;
				CLANG_WARN_SUSPICIOUS_MOVE = YES;
				CLANG_WARN_UNGUARDED_AVAILABILITY = YES_AGGRESSIVE;
				CLANG_WARN_UNREACHABLE_CODE = YES;
				CLANG_WARN__DUPLICATE_METHOD_MATCH = YES;
				COPY_PHASE_STRIP = NO;
				DEBUG_INFORMATION_FORMAT = dwarf;
				ENABLE_STRICT_OBJC_MSGSEND = YES;
				ENABLE_TESTABILITY = YES;
				GCC_C_LANGUAGE_STANDARD = gnu11;
				GCC_DYNAMIC_NO_PIC = NO;
				GCC_NO_COMMON_BLOCKS = YES;
				GCC_OPTIMIZATION_LEVEL = 0;
				GCC_PREPROCESSOR_DEFINITIONS = (
					"DEBUG=1",
					"$(inherited)",
				);
				GCC_WARN_64_TO_32_BIT_CONVERSION = YES;
				GCC_WARN_ABOUT_RETURN_TYPE = YES_ERROR;
				GCC_WARN_UNDECLARED_SELECTOR = YES;
				GCC_WARN_UNINITIALIZED_AUTOS = YES_AGGRESSIVE;
				GCC_WARN_UNUSED_FUNCTION = YES;
				GCC_WARN_UNUSED_VARIABLE = YES;
				IPHONEOS_DEPLOYMENT_TARGET = 16.0;
				MTL_ENABLE_DEBUG_INFO = INCLUDE_SOURCE;
				MTL_FAST_MATH = YES;
				ONLY_ACTIVE_ARCH = YES;
				SDKROOT = iphoneos;
				SWIFT_ACTIVE_COMPILATION_CONDITIONS = DEBUG;
				SWIFT_OPTIMIZATION_LEVEL = "-Onone";
			};
			name = Debug;
		};
		F0F1167C28F1D47D0052CCA4 /* Release */ = {
			isa = XCBuildConfiguration;
			buildSettings = {
				ALWAYS_SEARCH_USER_PATHS = NO;
				CLANG_ANALYZER_NONNULL = YES;
				CLANG_ANALYZER_NUMBER_OBJECT_CONVERSION = YES_AGGRESSIVE;
				CLANG_CXX_LANGUAGE_STANDARD = "gnu++20";
				CLANG_ENABLE_MODULES = YES;
				CLANG_ENABLE_OBJC_ARC = YES;
				CLANG_ENABLE_OBJC_WEAK = YES;
				CLANG_WARN_BLOCK_CAPTURE_AUTORELEASING = YES;
				CLANG_WARN_BOOL_CONVERSION = YES;
				CLANG_WARN_COMMA = YES;
				CLANG_WARN_CONSTANT_CONVERSION = YES;
				CLANG_WARN_DEPRECATED_OBJC_IMPLEMENTATIONS = YES;
				CLANG_WARN_DIRECT_OBJC_ISA_USAGE = YES_ERROR;
				CLANG_WARN_DOCUMENTATION_COMMENTS = YES;
				CLANG_WARN_EMPTY_BODY = YES;
				CLANG_WARN_ENUM_CONVERSION = YES;
				CLANG_WARN_INFINITE_RECURSION = YES;
				CLANG_WARN_INT_CONVERSION = YES;
				CLANG_WARN_NON_LITERAL_NULL_CONVERSION = YES;
				CLANG_WARN_OBJC_IMPLICIT_RETAIN_SELF = YES;
				CLANG_WARN_OBJC_LITERAL_CONVERSION = YES;
				CLANG_WARN_OBJC_ROOT_CLASS = YES_ERROR;
				CLANG_WARN_QUOTED_INCLUDE_IN_FRAMEWORK_HEADER = YES;
				CLANG_WARN_RANGE_LOOP_ANALYSIS = YES;
				CLANG_WARN_STRICT_PROTOTYPES = YES;
				CLANG_WARN_SUSPICIOUS_MOVE = YES;
				CLANG_WARN_UNGUARDED_AVAILABILITY = YES_AGGRESSIVE;
				CLANG_WARN_UNREACHABLE_CODE = YES;
				CLANG_WARN__DUPLICATE_METHOD_MATCH = YES;
				COPY_PHASE_STRIP = NO;
				DEBUG_INFORMATION_FORMAT = "dwarf-with-dsym";
				ENABLE_NS_ASSERTIONS = NO;
				ENABLE_STRICT_OBJC_MSGSEND = YES;
				GCC_C_LANGUAGE_STANDARD = gnu11;
				GCC_NO_COMMON_BLOCKS = YES;
				GCC_WARN_64_TO_32_BIT_CONVERSION = YES;
				GCC_WARN_ABOUT_RETURN_TYPE = YES_ERROR;
				GCC_WARN_UNDECLARED_SELECTOR = YES;
				GCC_WARN_UNINITIALIZED_AUTOS = YES_AGGRESSIVE;
				GCC_WARN_UNUSED_FUNCTION = YES;
				GCC_WARN_UNUSED_VARIABLE = YES;
				IPHONEOS_DEPLOYMENT_TARGET = 16.0;
				MTL_ENABLE_DEBUG_INFO = NO;
				MTL_FAST_MATH = YES;
				SDKROOT = iphoneos;
				SWIFT_COMPILATION_MODE = wholemodule;
				SWIFT_OPTIMIZATION_LEVEL = "-O";
				VALIDATE_PRODUCT = YES;
			};
			name = Release;
		};
		F0F1167E28F1D47D0052CCA4 /* Debug */ = {
			isa = XCBuildConfiguration;
			buildSettings = {
				ASSETCATALOG_COMPILER_APPICON_NAME = AppIcon;
				ASSETCATALOG_COMPILER_GLOBAL_ACCENT_COLOR_NAME = AccentColor;
				CODE_SIGN_STYLE = Automatic;
				CURRENT_PROJECT_VERSION = 1;
				DEVELOPMENT_TEAM = 8UV3Y69NB7;
				GENERATE_INFOPLIST_FILE = YES;
				INFOPLIST_FILE = "Chapter07-CoreData/Info.plist";
				INFOPLIST_KEY_UIApplicationSupportsIndirectInputEvents = YES;
				INFOPLIST_KEY_UILaunchStoryboardName = LaunchScreen;
				INFOPLIST_KEY_UIMainStoryboardFile = Main;
				INFOPLIST_KEY_UISupportedInterfaceOrientations_iPad = "UIInterfaceOrientationPortrait UIInterfaceOrientationPortraitUpsideDown UIInterfaceOrientationLandscapeLeft UIInterfaceOrientationLandscapeRight";
				INFOPLIST_KEY_UISupportedInterfaceOrientations_iPhone = "UIInterfaceOrientationPortrait UIInterfaceOrientationLandscapeLeft UIInterfaceOrientationLandscapeRight";
				LD_RUNPATH_SEARCH_PATHS = (
					"$(inherited)",
					"@executable_path/Frameworks",
				);
				MARKETING_VERSION = 1.0;
				PRODUCT_BUNDLE_IDENTIFIER = "gaeng2y.Chapter07-CoreData";
				PRODUCT_NAME = "$(TARGET_NAME)";
				SWIFT_EMIT_LOC_STRINGS = YES;
				SWIFT_VERSION = 5.0;
				TARGETED_DEVICE_FAMILY = "1,2";
			};
			name = Debug;
		};
		F0F1167F28F1D47D0052CCA4 /* Release */ = {
			isa = XCBuildConfiguration;
			buildSettings = {
				ASSETCATALOG_COMPILER_APPICON_NAME = AppIcon;
				ASSETCATALOG_COMPILER_GLOBAL_ACCENT_COLOR_NAME = AccentColor;
				CODE_SIGN_STYLE = Automatic;
				CURRENT_PROJECT_VERSION = 1;
				DEVELOPMENT_TEAM = 8UV3Y69NB7;
				GENERATE_INFOPLIST_FILE = YES;
				INFOPLIST_FILE = "Chapter07-CoreData/Info.plist";
				INFOPLIST_KEY_UIApplicationSupportsIndirectInputEvents = YES;
				INFOPLIST_KEY_UILaunchStoryboardName = LaunchScreen;
				INFOPLIST_KEY_UIMainStoryboardFile = Main;
				INFOPLIST_KEY_UISupportedInterfaceOrientations_iPad = "UIInterfaceOrientationPortrait UIInterfaceOrientationPortraitUpsideDown UIInterfaceOrientationLandscapeLeft UIInterfaceOrientationLandscapeRight";
				INFOPLIST_KEY_UISupportedInterfaceOrientations_iPhone = "UIInterfaceOrientationPortrait UIInterfaceOrientationLandscapeLeft UIInterfaceOrientationLandscapeRight";
				LD_RUNPATH_SEARCH_PATHS = (
					"$(inherited)",
					"@executable_path/Frameworks",
				);
				MARKETING_VERSION = 1.0;
				PRODUCT_BUNDLE_IDENTIFIER = "gaeng2y.Chapter07-CoreData";
				PRODUCT_NAME = "$(TARGET_NAME)";
				SWIFT_EMIT_LOC_STRINGS = YES;
				SWIFT_VERSION = 5.0;
				TARGETED_DEVICE_FAMILY = "1,2";
			};
			name = Release;
		};
/* End XCBuildConfiguration section */

/* Begin XCConfigurationList section */
		F0F1166128F1D47D0052CCA4 /* Build configuration list for PBXProject "Chapter07-CoreData" */ = {
			isa = XCConfigurationList;
			buildConfigurations = (
				F0F1167B28F1D47D0052CCA4 /* Debug */,
				F0F1167C28F1D47D0052CCA4 /* Release */,
			);
			defaultConfigurationIsVisible = 0;
			defaultConfigurationName = Release;
		};
		F0F1167D28F1D47D0052CCA4 /* Build configuration list for PBXNativeTarget "Chapter07-CoreData" */ = {
			isa = XCConfigurationList;
			buildConfigurations = (
				F0F1167E28F1D47D0052CCA4 /* Debug */,
				F0F1167F28F1D47D0052CCA4 /* Release */,
			);
			defaultConfigurationIsVisible = 0;
			defaultConfigurationName = Release;
		};
/* End XCConfigurationList section */

/* Begin XCVersionGroup section */
		F0F1167228F1D47D0052CCA4 /* Chapter07_CoreData.xcdatamodeld */ = {
			isa = XCVersionGroup;
			children = (
				F0F1167328F1D47D0052CCA4 /* Chapter07_CoreData.xcdatamodel */,
			);
			currentVersion = F0F1167328F1D47D0052CCA4 /* Chapter07_CoreData.xcdatamodel */;
			path = Chapter07_CoreData.xcdatamodeld;
			sourceTree = "<group>";
			versionGroupType = wrapper.xcdatamodel;
		};
/* End XCVersionGroup section */
	};
	rootObject = F0F1165E28F1D47D0052CCA4 /* Project object */;
}
