// !$*UTF8*$!
{
	archiveVersion = 1;
	classes = {
	};
	objectVersion = 56;
	objects = {

/* Begin PBXBuildFile section */
		F08A57EC28DF9F1C0090D1EF /* AppDelegate.swift in Sources */ = {isa = PBXBuildFile; fileRef = F08A57EB28DF9F1C0090D1EF /* AppDelegate.swift */; };
		F08A57EE28DF9F1C0090D1EF /* SceneDelegate.swift in Sources */ = {isa = PBXBuildFile; fileRef = F08A57ED28DF9F1C0090D1EF /* SceneDelegate.swift */; };
		F08A57F028DF9F1C0090D1EF /* ViewController.swift in Sources */ = {isa = PBXBuildFile; fileRef = F08A57EF28DF9F1C0090D1EF /* ViewController.swift */; };
		F08A57F328DF9F1C0090D1EF /* Main.storyboard in Resources */ = {isa = PBXBuildFile; fileRef = F08A57F128DF9F1C0090D1EF /* Main.storyboard */; };
		F08A57F528DF9F1D0090D1EF /* Assets.xcassets in Resources */ = {isa = PBXBuildFile; fileRef = F08A57F428DF9F1D0090D1EF /* Assets.xcassets */; };
		F08A57F828DF9F1D0090D1EF /* LaunchScreen.storyboard in Resources */ = {isa = PBXBuildFile; fileRef = F08A57F628DF9F1D0090D1EF /* LaunchScreen.storyboard */; };
		F08A580028DF9F420090D1EF /* User.plist in Resources */ = {isa = PBXBuildFile; fileRef = F08A57FF28DF9F420090D1EF /* User.plist */; };
/* End PBXBuildFile section */

/* Begin PBXFileReference section */
		F08A57E828DF9F1C0090D1EF /* Chapter05-Plist.app */ = {isa = PBXFileReference; explicitFileType = wrapper.application; includeInIndex = 0; path = "Chapter05-Plist.app"; sourceTree = BUILT_PRODUCTS_DIR; };
		F08A57EB28DF9F1C0090D1EF /* AppDelegate.swift */ = {isa = PBXFileReference; lastKnownFileType = sourcecode.swift; path = AppDelegate.swift; sourceTree = "<group>"; };
		F08A57ED28DF9F1C0090D1EF /* SceneDelegate.swift */ = {isa = PBXFileReference; lastKnownFileType = sourcecode.swift; path = SceneDelegate.swift; sourceTree = "<group>"; };
		F08A57EF28DF9F1C0090D1EF /* ViewController.swift */ = {isa = PBXFileReference; lastKnownFileType = sourcecode.swift; path = ViewController.swift; sourceTree = "<group>"; };
		F08A57F228DF9F1C0090D1EF /* Base */ = {isa = PBXFileReference; lastKnownFileType = file.storyboard; name = Base; path = Base.lproj/Main.storyboard; sourceTree = "<group>"; };
		F08A57F428DF9F1D0090D1EF /* Assets.xcassets */ = {isa = PBXFileReference; lastKnownFileType = folder.assetcatalog; path = Assets.xcassets; sourceTree = "<group>"; };
		F08A57F728DF9F1D0090D1EF /* Base */ = {isa = PBXFileReference; lastKnownFileType = file.storyboard; name = Base; path = Base.lproj/LaunchScreen.storyboard; sourceTree = "<group>"; };
		F08A57F928DF9F1D0090D1EF /* Info.plist */ = {isa = PBXFileReference; lastKnownFileType = text.plist.xml; path = Info.plist; sourceTree = "<group>"; };
		F08A57FF28DF9F420090D1EF /* User.plist */ = {isa = PBXFileReference; lastKnownFileType = text.plist.xml; name = User.plist; path = ../../../../../User.plist; sourceTree = "<group>"; };
/* End PBXFileReference section */

/* Begin PBXFrameworksBuildPhase section */
		F08A57E528DF9F1C0090D1EF /* Frameworks */ = {
			isa = PBXFrameworksBuildPhase;
			buildActionMask = 2147483647;
			files = (
			);
			runOnlyForDeploymentPostprocessing = 0;
		};
/* End PBXFrameworksBuildPhase section */

/* Begin PBXGroup section */
		F08A57DF28DF9F1C0090D1EF = {
			isa = PBXGroup;
			children = (
				F08A57EA28DF9F1C0090D1EF /* Chapter05-Plist */,
				F08A57E928DF9F1C0090D1EF /* Products */,
			);
			sourceTree = "<group>";
		};
		F08A57E928DF9F1C0090D1EF /* Products */ = {
			isa = PBXGroup;
			children = (
				F08A57E828DF9F1C0090D1EF /* Chapter05-Plist.app */,
			);
			name = Products;
			sourceTree = "<group>";
		};
		F08A57EA28DF9F1C0090D1EF /* Chapter05-Plist */ = {
			isa = PBXGroup;
			children = (
				F08A57EB28DF9F1C0090D1EF /* AppDelegate.swift */,
				F08A57ED28DF9F1C0090D1EF /* SceneDelegate.swift */,
				F08A57EF28DF9F1C0090D1EF /* ViewController.swift */,
				F08A57F128DF9F1C0090D1EF /* Main.storyboard */,
				F08A57F428DF9F1D0090D1EF /* Assets.xcassets */,
				F08A57F628DF9F1D0090D1EF /* LaunchScreen.storyboard */,
				F08A57F928DF9F1D0090D1EF /* Info.plist */,
				F08A57FF28DF9F420090D1EF /* User.plist */,
			);
			path = "Chapter05-Plist";
			sourceTree = "<group>";
		};
/* End PBXGroup section */

/* Begin PBXNativeTarget section */
		F08A57E728DF9F1C0090D1EF /* Chapter05-Plist */ = {
			isa = PBXNativeTarget;
			buildConfigurationList = F08A57FC28DF9F1D0090D1EF /* Build configuration list for PBXNativeTarget "Chapter05-Plist" */;
			buildPhases = (
				F08A57E428DF9F1C0090D1EF /* Sources */,
				F08A57E528DF9F1C0090D1EF /* Frameworks */,
				F08A57E628DF9F1C0090D1EF /* Resources */,
			);
			buildRules = (
			);
			dependencies = (
			);
			name = "Chapter05-Plist";
			productName = "Chapter05-Plist";
			productReference = F08A57E828DF9F1C0090D1EF /* Chapter05-Plist.app */;
			productType = "com.apple.product-type.application";
		};
/* End PBXNativeTarget section */

/* Begin PBXProject section */
		F08A57E028DF9F1C0090D1EF /* Project object */ = {
			isa = PBXProject;
			attributes = {
				BuildIndependentTargetsInParallel = 1;
				LastSwiftUpdateCheck = 1400;
				LastUpgradeCheck = 1400;
				TargetAttributes = {
					F08A57E728DF9F1C0090D1EF = {
						CreatedOnToolsVersion = 14.0;
					};
				};
			};
			buildConfigurationList = F08A57E328DF9F1C0090D1EF /* Build configuration list for PBXProject "Chapter05-Plist" */;
			compatibilityVersion = "Xcode 14.0";
			developmentRegion = en;
			hasScannedForEncodings = 0;
			knownRegions = (
				en,
				Base,
			);
			mainGroup = F08A57DF28DF9F1C0090D1EF;
			productRefGroup = F08A57E928DF9F1C0090D1EF /* Products */;
			projectDirPath = "";
			projectRoot = "";
			targets = (
				F08A57E728DF9F1C0090D1EF /* Chapter05-Plist */,
			);
		};
/* End PBXProject section */

/* Begin PBXResourcesBuildPhase section */
		F08A57E628DF9F1C0090D1EF /* Resources */ = {
			isa = PBXResourcesBuildPhase;
			buildActionMask = 2147483647;
			files = (
				F08A57F828DF9F1D0090D1EF /* LaunchScreen.storyboard in Resources */,
				F08A57F528DF9F1D0090D1EF /* Assets.xcassets in Resources */,
				F08A57F328DF9F1C0090D1EF /* Main.storyboard in Resources */,
				F08A580028DF9F420090D1EF /* User.plist in Resources */,
			);
			runOnlyForDeploymentPostprocessing = 0;
		};
/* End PBXResourcesBuildPhase section */

/* Begin PBXSourcesBuildPhase section */
		F08A57E428DF9F1C0090D1EF /* Sources */ = {
			isa = PBXSourcesBuildPhase;
			buildActionMask = 2147483647;
			files = (
				F08A57F028DF9F1C0090D1EF /* ViewController.swift in Sources */,
				F08A57EC28DF9F1C0090D1EF /* AppDelegate.swift in Sources */,
				F08A57EE28DF9F1C0090D1EF /* SceneDelegate.swift in Sources */,
			);
			runOnlyForDeploymentPostprocessing = 0;
		};
/* End PBXSourcesBuildPhase section */

/* Begin PBXVariantGroup section */
		F08A57F128DF9F1C0090D1EF /* Main.storyboard */ = {
			isa = PBXVariantGroup;
			children = (
				F08A57F228DF9F1C0090D1EF /* Base */,
			);
			name = Main.storyboard;
			sourceTree = "<group>";
		};
		F08A57F628DF9F1D0090D1EF /* LaunchScreen.storyboard */ = {
			isa = PBXVariantGroup;
			children = (
				F08A57F728DF9F1D0090D1EF /* Base */,
			);
			name = LaunchScreen.storyboard;
			sourceTree = "<group>";
		};
/* End PBXVariantGroup section */

/* Begin XCBuildConfiguration section */
		F08A57FA28DF9F1D0090D1EF /* Debug */ = {
			isa = XCBuildConfiguration;
			buildSettings = {
				ALWAYS_SEARCH_USER_PATHS = NO;
				CLANG_ANALYZER_NONNULL = YES;
				CLANG_ANALYZER_NUMBER_OBJECT_CONVERSION = YES_AGGRESSIVE;
				CLANG_CXX_LANGUAGE_STANDARD = "gnu++20";
				CLANG_ENABLE_MODULES = YES;
				CLANG_ENABLE_OBJC_ARC = YES;
				CLANG_ENABLE_OBJC_WEAK = YES;
				CLANG_WARN_BLOCK_CAPTURE_AUTORELEASING = YES;
				CLANG_WARN_BOOL_CONVERSION = YES;
				CLANG_WARN_COMMA = YES;
				CLANG_WARN_CONSTANT_CONVERSION = YES;
				CLANG_WARN_DEPRECATED_OBJC_IMPLEMENTATIONS = YES;
				CLANG_WARN_DIRECT_OBJC_ISA_USAGE = YES_ERROR;
				CLANG_WARN_DOCUMENTATION_COMMENTS = YES;
				CLANG_WARN_EMPTY_BODY = YES;
				CLANG_WARN_ENUM_CONVERSION = YES;
				CLANG_WARN_INFINITE_RECURSION = YES;
				CLANG_WARN_INT_CONVERSION = YES;
				CLANG_WARN_NON_LITERAL_NULL_CONVERSION = YES;
				CLANG_WARN_OBJC_IMPLICIT_RETAIN_SELF = YES;
				CLANG_WARN_OBJC_LITERAL_CONVERSION = YES;
				CLANG_WARN_OBJC_ROOT_CLASS = YES_ERROR;
				CLANG_WARN_QUOTED_INCLUDE_IN_FRAMEWORK_HEADER = YES;
				CLANG_WARN_RANGE_LOOP_ANALYSIS = YES;
				CLANG_WARN_STRICT_PROTOTYPES = YES;
				CLANG_WARN_SUSPICIOUS_MOVE = YES;
				CLANG_WARN_UNGUARDED_AVAILABILITY = YES_AGGRESSIVE;
				CLANG_WARN_UNREACHABLE_CODE = YES;
				CLANG_WARN__DUPLICATE_METHOD_MATCH = YES;
				COPY_PHASE_STRIP = NO;
				DEBUG_INFORMATION_FORMAT = dwarf;
				ENABLE_STRICT_OBJC_MSGSEND = YES;
				ENABLE_TESTABILITY = YES;
				GCC_C_LANGUAGE_STANDARD = gnu11;
				GCC_DYNAMIC_NO_PIC = NO;
				GCC_NO_COMMON_BLOCKS = YES;
				GCC_OPTIMIZATION_LEVEL = 0;
				GCC_PREPROCESSOR_DEFINITIONS = (
					"DEBUG=1",
					"$(inherited)",
				);
				GCC_WARN_64_TO_32_BIT_CONVERSION = YES;
				GCC_WARN_ABOUT_RETURN_TYPE = YES_ERROR;
				GCC_WARN_UNDECLARED_SELECTOR = YES;
				GCC_WARN_UNINITIALIZED_AUTOS = YES_AGGRESSIVE;
				GCC_WARN_UNUSED_FUNCTION = YES;
				GCC_WARN_UNUSED_VARIABLE = YES;
				IPHONEOS_DEPLOYMENT_TARGET = 16.0;
				MTL_ENABLE_DEBUG_INFO = INCLUDE_SOURCE;
				MTL_FAST_MATH = YES;
				ONLY_ACTIVE_ARCH = YES;
				SDKROOT = iphoneos;
				SWIFT_ACTIVE_COMPILATION_CONDITIONS = DEBUG;
				SWIFT_OPTIMIZATION_LEVEL = "-Onone";
			};
			name = Debug;
		};
		F08A57FB28DF9F1D0090D1EF /* Release */ = {
			isa = XCBuildConfiguration;
			buildSettings = {
				ALWAYS_SEARCH_USER_PATHS = NO;
				CLANG_ANALYZER_NONNULL = YES;
				CLANG_ANALYZER_NUMBER_OBJECT_CONVERSION = YES_AGGRESSIVE;
				CLANG_CXX_LANGUAGE_STANDARD = "gnu++20";
				CLANG_ENABLE_MODULES = YES;
				CLANG_ENABLE_OBJC_ARC = YES;
				CLANG_ENABLE_OBJC_WEAK = YES;
				CLANG_WARN_BLOCK_CAPTURE_AUTORELEASING = YES;
				CLANG_WARN_BOOL_CONVERSION = YES;
				CLANG_WARN_COMMA = YES;
				CLANG_WARN_CONSTANT_CONVERSION = YES;
				CLANG_WARN_DEPRECATED_OBJC_IMPLEMENTATIONS = YES;
				CLANG_WARN_DIRECT_OBJC_ISA_USAGE = YES_ERROR;
				CLANG_WARN_DOCUMENTATION_COMMENTS = YES;
				CLANG_WARN_EMPTY_BODY = YES;
				CLANG_WARN_ENUM_CONVERSION = YES;
				CLANG_WARN_INFINITE_RECURSION = YES;
				CLANG_WARN_INT_CONVERSION = YES;
				CLANG_WARN_NON_LITERAL_NULL_CONVERSION = YES;
				CLANG_WARN_OBJC_IMPLICIT_RETAIN_SELF = YES;
				CLANG_WARN_OBJC_LITERAL_CONVERSION = YES;
				CLANG_WARN_OBJC_ROOT_CLASS = YES_ERROR;
				CLANG_WARN_QUOTED_INCLUDE_IN_FRAMEWORK_HEADER = YES;
				CLANG_WARN_RANGE_LOOP_ANALYSIS = YES;
				CLANG_WARN_STRICT_PROTOTYPES = YES;
				CLANG_WARN_SUSPICIOUS_MOVE = YES;
				CLANG_WARN_UNGUARDED_AVAILABILITY = YES_AGGRESSIVE;
				CLANG_WARN_UNREACHABLE_CODE = YES;
				CLANG_WARN__DUPLICATE_METHOD_MATCH = YES;
				COPY_PHASE_STRIP = NO;
				DEBUG_INFORMATION_FORMAT = "dwarf-with-dsym";
				ENABLE_NS_ASSERTIONS = NO;
				ENABLE_STRICT_OBJC_MSGSEND = YES;
				GCC_C_LANGUAGE_STANDARD = gnu11;
				GCC_NO_COMMON_BLOCKS = YES;
				GCC_WARN_64_TO_32_BIT_CONVERSION = YES;
				GCC_WARN_ABOUT_RETURN_TYPE = YES_ERROR;
				GCC_WARN_UNDECLARED_SELECTOR = YES;
				GCC_WARN_UNINITIALIZED_AUTOS = YES_AGGRESSIVE;
				GCC_WARN_UNUSED_FUNCTION = YES;
				GCC_WARN_UNUSED_VARIABLE = YES;
				IPHONEOS_DEPLOYMENT_TARGET = 16.0;
				MTL_ENABLE_DEBUG_INFO = NO;
				MTL_FAST_MATH = YES;
				SDKROOT = iphoneos;
				SWIFT_COMPILATION_MODE = wholemodule;
				SWIFT_OPTIMIZATION_LEVEL = "-O";
				VALIDATE_PRODUCT = YES;
			};
			name = Release;
		};
		F08A57FD28DF9F1D0090D1EF /* Debug */ = {
			isa = XCBuildConfiguration;
			buildSettings = {
				ASSETCATALOG_COMPILER_APPICON_NAME = AppIcon;
				ASSETCATALOG_COMPILER_GLOBAL_ACCENT_COLOR_NAME = AccentColor;
				CODE_SIGN_STYLE = Automatic;
				CURRENT_PROJECT_VERSION = 1;
				DEVELOPMENT_TEAM = 8UV3Y69NB7;
				GENERATE_INFOPLIST_FILE = YES;
				INFOPLIST_FILE = "Chapter05-Plist/Info.plist";
				INFOPLIST_KEY_UIApplicationSupportsIndirectInputEvents = YES;
				INFOPLIST_KEY_UILaunchStoryboardName = LaunchScreen;
				INFOPLIST_KEY_UIMainStoryboardFile = Main;
				INFOPLIST_KEY_UISupportedInterfaceOrientations_iPad = "UIInterfaceOrientationPortrait UIInterfaceOrientationPortraitUpsideDown UIInterfaceOrientationLandscapeLeft UIInterfaceOrientationLandscapeRight";
				INFOPLIST_KEY_UISupportedInterfaceOrientations_iPhone = "UIInterfaceOrientationPortrait UIInterfaceOrientationLandscapeLeft UIInterfaceOrientationLandscapeRight";
				LD_RUNPATH_SEARCH_PATHS = (
					"$(inherited)",
					"@executable_path/Frameworks",
				);
				MARKETING_VERSION = 1.0;
				PRODUCT_BUNDLE_IDENTIFIER = "gaeng2y.Chapter05-Plist";
				PRODUCT_NAME = "$(TARGET_NAME)";
				SWIFT_EMIT_LOC_STRINGS = YES;
				SWIFT_VERSION = 5.0;
				TARGETED_DEVICE_FAMILY = "1,2";
			};
			name = Debug;
		};
		F08A57FE28DF9F1D0090D1EF /* Release */ = {
			isa = XCBuildConfiguration;
			buildSettings = {
				ASSETCATALOG_COMPILER_APPICON_NAME = AppIcon;
				ASSETCATALOG_COMPILER_GLOBAL_ACCENT_COLOR_NAME = AccentColor;
				CODE_SIGN_STYLE = Automatic;
				CURRENT_PROJECT_VERSION = 1;
				DEVELOPMENT_TEAM = 8UV3Y69NB7;
				GENERATE_INFOPLIST_FILE = YES;
				INFOPLIST_FILE = "Chapter05-Plist/Info.plist";
				INFOPLIST_KEY_UIApplicationSupportsIndirectInputEvents = YES;
				INFOPLIST_KEY_UILaunchStoryboardName = LaunchScreen;
				INFOPLIST_KEY_UIMainStoryboardFile = Main;
				INFOPLIST_KEY_UISupportedInterfaceOrientations_iPad = "UIInterfaceOrientationPortrait UIInterfaceOrientationPortraitUpsideDown UIInterfaceOrientationLandscapeLeft UIInterfaceOrientationLandscapeRight";
				INFOPLIST_KEY_UISupportedInterfaceOrientations_iPhone = "UIInterfaceOrientationPortrait UIInterfaceOrientationLandscapeLeft UIInterfaceOrientationLandscapeRight";
				LD_RUNPATH_SEARCH_PATHS = (
					"$(inherited)",
					"@executable_path/Frameworks",
				);
				MARKETING_VERSION = 1.0;
				PRODUCT_BUNDLE_IDENTIFIER = "gaeng2y.Chapter05-Plist";
				PRODUCT_NAME = "$(TARGET_NAME)";
				SWIFT_EMIT_LOC_STRINGS = YES;
				SWIFT_VERSION = 5.0;
				TARGETED_DEVICE_FAMILY = "1,2";
			};
			name = Release;
		};
/* End XCBuildConfiguration section */

/* Begin XCConfigurationList section */
		F08A57E328DF9F1C0090D1EF /* Build configuration list for PBXProject "Chapter05-Plist" */ = {
			isa = XCConfigurationList;
			buildConfigurations = (
				F08A57FA28DF9F1D0090D1EF /* Debug */,
				F08A57FB28DF9F1D0090D1EF /* Release */,
			);
			defaultConfigurationIsVisible = 0;
			defaultConfigurationName = Release;
		};
		F08A57FC28DF9F1D0090D1EF /* Build configuration list for PBXNativeTarget "Chapter05-Plist" */ = {
			isa = XCConfigurationList;
			buildConfigurations = (
				F08A57FD28DF9F1D0090D1EF /* Debug */,
				F08A57FE28DF9F1D0090D1EF /* Release */,
			);
			defaultConfigurationIsVisible = 0;
			defaultConfigurationName = Release;
		};
/* End XCConfigurationList section */
	};
	rootObject = F08A57E028DF9F1C0090D1EF /* Project object */;
}
