// !$*UTF8*$!
{
	archiveVersion = 1;
	classes = {
	};
	objectVersion = 55;
	objects = {

/* Begin PBXBuildFile section */
		F0DBAFE728B26EE20078F35A /* AppDelegate.swift in Sources */ = {isa = PBXBuildFile; fileRef = F0DBAFE628B26EE20078F35A /* AppDelegate.swift */; };
		F0DBAFE928B26EE20078F35A /* SceneDelegate.swift in Sources */ = {isa = PBXBuildFile; fileRef = F0DBAFE828B26EE20078F35A /* SceneDelegate.swift */; };
		F0DBAFEB28B26EE20078F35A /* ViewController.swift in Sources */ = {isa = PBXBuildFile; fileRef = F0DBAFEA28B26EE20078F35A /* ViewController.swift */; };
		F0DBAFEE28B26EE20078F35A /* Main.storyboard in Resources */ = {isa = PBXBuildFile; fileRef = F0DBAFEC28B26EE20078F35A /* Main.storyboard */; };
		F0DBAFF028B26EE30078F35A /* Assets.xcassets in Resources */ = {isa = PBXBuildFile; fileRef = F0DBAFEF28B26EE30078F35A /* Assets.xcassets */; };
		F0DBAFF328B26EE30078F35A /* LaunchScreen.storyboard in Resources */ = {isa = PBXBuildFile; fileRef = F0DBAFF128B26EE30078F35A /* LaunchScreen.storyboard */; };
		F0DBAFFE28B26EE40078F35A /* Cahpter03_CSTabBarTests.swift in Sources */ = {isa = PBXBuildFile; fileRef = F0DBAFFD28B26EE40078F35A /* Cahpter03_CSTabBarTests.swift */; };
		F0DBB00828B26EE40078F35A /* Cahpter03_CSTabBarUITests.swift in Sources */ = {isa = PBXBuildFile; fileRef = F0DBB00728B26EE40078F35A /* Cahpter03_CSTabBarUITests.swift */; };
		F0DBB00A28B26EE40078F35A /* Cahpter03_CSTabBarUITestsLaunchTests.swift in Sources */ = {isa = PBXBuildFile; fileRef = F0DBB00928B26EE40078F35A /* Cahpter03_CSTabBarUITestsLaunchTests.swift */; };
		F0DBB01728B26EFC0078F35A /* CSTabBarController.swift in Sources */ = {isa = PBXBuildFile; fileRef = F0DBB01628B26EFC0078F35A /* CSTabBarController.swift */; };
/* End PBXBuildFile section */

/* Begin PBXContainerItemProxy section */
		F0DBAFFA28B26EE40078F35A /* PBXContainerItemProxy */ = {
			isa = PBXContainerItemProxy;
			containerPortal = F0DBAFDB28B26EE20078F35A /* Project object */;
			proxyType = 1;
			remoteGlobalIDString = F0DBAFE228B26EE20078F35A;
			remoteInfo = "Cahpter03-CSTabBar";
		};
		F0DBB00428B26EE40078F35A /* PBXContainerItemProxy */ = {
			isa = PBXContainerItemProxy;
			containerPortal = F0DBAFDB28B26EE20078F35A /* Project object */;
			proxyType = 1;
			remoteGlobalIDString = F0DBAFE228B26EE20078F35A;
			remoteInfo = "Cahpter03-CSTabBar";
		};
/* End PBXContainerItemProxy section */

/* Begin PBXFileReference section */
		F0DBAFE328B26EE20078F35A /* Cahpter03-CSTabBar.app */ = {isa = PBXFileReference; explicitFileType = wrapper.application; includeInIndex = 0; path = "Cahpter03-CSTabBar.app"; sourceTree = BUILT_PRODUCTS_DIR; };
		F0DBAFE628B26EE20078F35A /* AppDelegate.swift */ = {isa = PBXFileReference; lastKnownFileType = sourcecode.swift; path = AppDelegate.swift; sourceTree = "<group>"; };
		F0DBAFE828B26EE20078F35A /* SceneDelegate.swift */ = {isa = PBXFileReference; lastKnownFileType = sourcecode.swift; path = SceneDelegate.swift; sourceTree = "<group>"; };
		F0DBAFEA28B26EE20078F35A /* ViewController.swift */ = {isa = PBXFileReference; lastKnownFileType = sourcecode.swift; path = ViewController.swift; sourceTree = "<group>"; };
		F0DBAFED28B26EE20078F35A /* Base */ = {isa = PBXFileReference; lastKnownFileType = file.storyboard; name = Base; path = Base.lproj/Main.storyboard; sourceTree = "<group>"; };
		F0DBAFEF28B26EE30078F35A /* Assets.xcassets */ = {isa = PBXFileReference; lastKnownFileType = folder.assetcatalog; path = Assets.xcassets; sourceTree = "<group>"; };
		F0DBAFF228B26EE30078F35A /* Base */ = {isa = PBXFileReference; lastKnownFileType = file.storyboard; name = Base; path = Base.lproj/LaunchScreen.storyboard; sourceTree = "<group>"; };
		F0DBAFF428B26EE30078F35A /* Info.plist */ = {isa = PBXFileReference; lastKnownFileType = text.plist.xml; path = Info.plist; sourceTree = "<group>"; };
		F0DBAFF928B26EE40078F35A /* Cahpter03-CSTabBarTests.xctest */ = {isa = PBXFileReference; explicitFileType = wrapper.cfbundle; includeInIndex = 0; path = "Cahpter03-CSTabBarTests.xctest"; sourceTree = BUILT_PRODUCTS_DIR; };
		F0DBAFFD28B26EE40078F35A /* Cahpter03_CSTabBarTests.swift */ = {isa = PBXFileReference; lastKnownFileType = sourcecode.swift; path = Cahpter03_CSTabBarTests.swift; sourceTree = "<group>"; };
		F0DBB00328B26EE40078F35A /* Cahpter03-CSTabBarUITests.xctest */ = {isa = PBXFileReference; explicitFileType = wrapper.cfbundle; includeInIndex = 0; path = "Cahpter03-CSTabBarUITests.xctest"; sourceTree = BUILT_PRODUCTS_DIR; };
		F0DBB00728B26EE40078F35A /* Cahpter03_CSTabBarUITests.swift */ = {isa = PBXFileReference; lastKnownFileType = sourcecode.swift; path = Cahpter03_CSTabBarUITests.swift; sourceTree = "<group>"; };
		F0DBB00928B26EE40078F35A /* Cahpter03_CSTabBarUITestsLaunchTests.swift */ = {isa = PBXFileReference; lastKnownFileType = sourcecode.swift; path = Cahpter03_CSTabBarUITestsLaunchTests.swift; sourceTree = "<group>"; };
		F0DBB01628B26EFC0078F35A /* CSTabBarController.swift */ = {isa = PBXFileReference; lastKnownFileType = sourcecode.swift; path = CSTabBarController.swift; sourceTree = "<group>"; };
/* End PBXFileReference section */

/* Begin PBXFrameworksBuildPhase section */
		F0DBAFE028B26EE20078F35A /* Frameworks */ = {
			isa = PBXFrameworksBuildPhase;
			buildActionMask = 2147483647;
			files = (
			);
			runOnlyForDeploymentPostprocessing = 0;
		};
		F0DBAFF628B26EE40078F35A /* Frameworks */ = {
			isa = PBXFrameworksBuildPhase;
			buildActionMask = 2147483647;
			files = (
			);
			runOnlyForDeploymentPostprocessing = 0;
		};
		F0DBB00028B26EE40078F35A /* Frameworks */ = {
			isa = PBXFrameworksBuildPhase;
			buildActionMask = 2147483647;
			files = (
			);
			runOnlyForDeploymentPostprocessing = 0;
		};
/* End PBXFrameworksBuildPhase section */

/* Begin PBXGroup section */
		F0DBAFDA28B26EE20078F35A = {
			isa = PBXGroup;
			children = (
				F0DBAFE528B26EE20078F35A /* Cahpter03-CSTabBar */,
				F0DBAFFC28B26EE40078F35A /* Cahpter03-CSTabBarTests */,
				F0DBB00628B26EE40078F35A /* Cahpter03-CSTabBarUITests */,
				F0DBAFE428B26EE20078F35A /* Products */,
			);
			sourceTree = "<group>";
		};
		F0DBAFE428B26EE20078F35A /* Products */ = {
			isa = PBXGroup;
			children = (
				F0DBAFE328B26EE20078F35A /* Cahpter03-CSTabBar.app */,
				F0DBAFF928B26EE40078F35A /* Cahpter03-CSTabBarTests.xctest */,
				F0DBB00328B26EE40078F35A /* Cahpter03-CSTabBarUITests.xctest */,
			);
			name = Products;
			sourceTree = "<group>";
		};
		F0DBAFE528B26EE20078F35A /* Cahpter03-CSTabBar */ = {
			isa = PBXGroup;
			children = (
				F0DBAFE628B26EE20078F35A /* AppDelegate.swift */,
				F0DBAFE828B26EE20078F35A /* SceneDelegate.swift */,
				F0DBAFEA28B26EE20078F35A /* ViewController.swift */,
				F0DBB01628B26EFC0078F35A /* CSTabBarController.swift */,
				F0DBAFEC28B26EE20078F35A /* Main.storyboard */,
				F0DBAFEF28B26EE30078F35A /* Assets.xcassets */,
				F0DBAFF128B26EE30078F35A /* LaunchScreen.storyboard */,
				F0DBAFF428B26EE30078F35A /* Info.plist */,
			);
			path = "Cahpter03-CSTabBar";
			sourceTree = "<group>";
		};
		F0DBAFFC28B26EE40078F35A /* Cahpter03-CSTabBarTests */ = {
			isa = PBXGroup;
			children = (
				F0DBAFFD28B26EE40078F35A /* Cahpter03_CSTabBarTests.swift */,
			);
			path = "Cahpter03-CSTabBarTests";
			sourceTree = "<group>";
		};
		F0DBB00628B26EE40078F35A /* Cahpter03-CSTabBarUITests */ = {
			isa = PBXGroup;
			children = (
				F0DBB00728B26EE40078F35A /* Cahpter03_CSTabBarUITests.swift */,
				F0DBB00928B26EE40078F35A /* Cahpter03_CSTabBarUITestsLaunchTests.swift */,
			);
			path = "Cahpter03-CSTabBarUITests";
			sourceTree = "<group>";
		};
/* End PBXGroup section */

/* Begin PBXNativeTarget section */
		F0DBAFE228B26EE20078F35A /* Cahpter03-CSTabBar */ = {
			isa = PBXNativeTarget;
			buildConfigurationList = F0DBB00D28B26EE40078F35A /* Build configuration list for PBXNativeTarget "Cahpter03-CSTabBar" */;
			buildPhases = (
				F0DBAFDF28B26EE20078F35A /* Sources */,
				F0DBAFE028B26EE20078F35A /* Frameworks */,
				F0DBAFE128B26EE20078F35A /* Resources */,
			);
			buildRules = (
			);
			dependencies = (
			);
			name = "Cahpter03-CSTabBar";
			productName = "Cahpter03-CSTabBar";
			productReference = F0DBAFE328B26EE20078F35A /* Cahpter03-CSTabBar.app */;
			productType = "com.apple.product-type.application";
		};
		F0DBAFF828B26EE40078F35A /* Cahpter03-CSTabBarTests */ = {
			isa = PBXNativeTarget;
			buildConfigurationList = F0DBB01028B26EE40078F35A /* Build configuration list for PBXNativeTarget "Cahpter03-CSTabBarTests" */;
			buildPhases = (
				F0DBAFF528B26EE40078F35A /* Sources */,
				F0DBAFF628B26EE40078F35A /* Frameworks */,
				F0DBAFF728B26EE40078F35A /* Resources */,
			);
			buildRules = (
			);
			dependencies = (
				F0DBAFFB28B26EE40078F35A /* PBXTargetDependency */,
			);
			name = "Cahpter03-CSTabBarTests";
			productName = "Cahpter03-CSTabBarTests";
			productReference = F0DBAFF928B26EE40078F35A /* Cahpter03-CSTabBarTests.xctest */;
			productType = "com.apple.product-type.bundle.unit-test";
		};
		F0DBB00228B26EE40078F35A /* Cahpter03-CSTabBarUITests */ = {
			isa = PBXNativeTarget;
			buildConfigurationList = F0DBB01328B26EE40078F35A /* Build configuration list for PBXNativeTarget "Cahpter03-CSTabBarUITests" */;
			buildPhases = (
				F0DBAFFF28B26EE40078F35A /* Sources */,
				F0DBB00028B26EE40078F35A /* Frameworks */,
				F0DBB00128B26EE40078F35A /* Resources */,
			);
			buildRules = (
			);
			dependencies = (
				F0DBB00528B26EE40078F35A /* PBXTargetDependency */,
			);
			name = "Cahpter03-CSTabBarUITests";
			productName = "Cahpter03-CSTabBarUITests";
			productReference = F0DBB00328B26EE40078F35A /* Cahpter03-CSTabBarUITests.xctest */;
			productType = "com.apple.product-type.bundle.ui-testing";
		};
/* End PBXNativeTarget section */

/* Begin PBXProject section */
		F0DBAFDB28B26EE20078F35A /* Project object */ = {
			isa = PBXProject;
			attributes = {
				BuildIndependentTargetsInParallel = 1;
				LastSwiftUpdateCheck = 1340;
				LastUpgradeCheck = 1340;
				TargetAttributes = {
					F0DBAFE228B26EE20078F35A = {
						CreatedOnToolsVersion = 13.4.1;
					};
					F0DBAFF828B26EE40078F35A = {
						CreatedOnToolsVersion = 13.4.1;
						TestTargetID = F0DBAFE228B26EE20078F35A;
					};
					F0DBB00228B26EE40078F35A = {
						CreatedOnToolsVersion = 13.4.1;
						TestTargetID = F0DBAFE228B26EE20078F35A;
					};
				};
			};
			buildConfigurationList = F0DBAFDE28B26EE20078F35A /* Build configuration list for PBXProject "Cahpter03-CSTabBar" */;
			compatibilityVersion = "Xcode 13.0";
			developmentRegion = en;
			hasScannedForEncodings = 0;
			knownRegions = (
				en,
				Base,
			);
			mainGroup = F0DBAFDA28B26EE20078F35A;
			productRefGroup = F0DBAFE428B26EE20078F35A /* Products */;
			projectDirPath = "";
			projectRoot = "";
			targets = (
				F0DBAFE228B26EE20078F35A /* Cahpter03-CSTabBar */,
				F0DBAFF828B26EE40078F35A /* Cahpter03-CSTabBarTests */,
				F0DBB00228B26EE40078F35A /* Cahpter03-CSTabBarUITests */,
			);
		};
/* End PBXProject section */

/* Begin PBXResourcesBuildPhase section */
		F0DBAFE128B26EE20078F35A /* Resources */ = {
			isa = PBXResourcesBuildPhase;
			buildActionMask = 2147483647;
			files = (
				F0DBAFF328B26EE30078F35A /* LaunchScreen.storyboard in Resources */,
				F0DBAFF028B26EE30078F35A /* Assets.xcassets in Resources */,
				F0DBAFEE28B26EE20078F35A /* Main.storyboard in Resources */,
			);
			runOnlyForDeploymentPostprocessing = 0;
		};
		F0DBAFF728B26EE40078F35A /* Resources */ = {
			isa = PBXResourcesBuildPhase;
			buildActionMask = 2147483647;
			files = (
			);
			runOnlyForDeploymentPostprocessing = 0;
		};
		F0DBB00128B26EE40078F35A /* Resources */ = {
			isa = PBXResourcesBuildPhase;
			buildActionMask = 2147483647;
			files = (
			);
			runOnlyForDeploymentPostprocessing = 0;
		};
/* End PBXResourcesBuildPhase section */

/* Begin PBXSourcesBuildPhase section */
		F0DBAFDF28B26EE20078F35A /* Sources */ = {
			isa = PBXSourcesBuildPhase;
			buildActionMask = 2147483647;
			files = (
				F0DBAFEB28B26EE20078F35A /* ViewController.swift in Sources */,
				F0DBB01728B26EFC0078F35A /* CSTabBarController.swift in Sources */,
				F0DBAFE728B26EE20078F35A /* AppDelegate.swift in Sources */,
				F0DBAFE928B26EE20078F35A /* SceneDelegate.swift in Sources */,
			);
			runOnlyForDeploymentPostprocessing = 0;
		};
		F0DBAFF528B26EE40078F35A /* Sources */ = {
			isa = PBXSourcesBuildPhase;
			buildActionMask = 2147483647;
			files = (
				F0DBAFFE28B26EE40078F35A /* Cahpter03_CSTabBarTests.swift in Sources */,
			);
			runOnlyForDeploymentPostprocessing = 0;
		};
		F0DBAFFF28B26EE40078F35A /* Sources */ = {
			isa = PBXSourcesBuildPhase;
			buildActionMask = 2147483647;
			files = (
				F0DBB00828B26EE40078F35A /* Cahpter03_CSTabBarUITests.swift in Sources */,
				F0DBB00A28B26EE40078F35A /* Cahpter03_CSTabBarUITestsLaunchTests.swift in Sources */,
			);
			runOnlyForDeploymentPostprocessing = 0;
		};
/* End PBXSourcesBuildPhase section */

/* Begin PBXTargetDependency section */
		F0DBAFFB28B26EE40078F35A /* PBXTargetDependency */ = {
			isa = PBXTargetDependency;
			target = F0DBAFE228B26EE20078F35A /* Cahpter03-CSTabBar */;
			targetProxy = F0DBAFFA28B26EE40078F35A /* PBXContainerItemProxy */;
		};
		F0DBB00528B26EE40078F35A /* PBXTargetDependency */ = {
			isa = PBXTargetDependency;
			target = F0DBAFE228B26EE20078F35A /* Cahpter03-CSTabBar */;
			targetProxy = F0DBB00428B26EE40078F35A /* PBXContainerItemProxy */;
		};
/* End PBXTargetDependency section */

/* Begin PBXVariantGroup section */
		F0DBAFEC28B26EE20078F35A /* Main.storyboard */ = {
			isa = PBXVariantGroup;
			children = (
				F0DBAFED28B26EE20078F35A /* Base */,
			);
			name = Main.storyboard;
			sourceTree = "<group>";
		};
		F0DBAFF128B26EE30078F35A /* LaunchScreen.storyboard */ = {
			isa = PBXVariantGroup;
			children = (
				F0DBAFF228B26EE30078F35A /* Base */,
			);
			name = LaunchScreen.storyboard;
			sourceTree = "<group>";
		};
/* End PBXVariantGroup section */

/* Begin XCBuildConfiguration section */
		F0DBB00B28B26EE40078F35A /* Debug */ = {
			isa = XCBuildConfiguration;
			buildSettings = {
				ALWAYS_SEARCH_USER_PATHS = NO;
				CLANG_ANALYZER_NONNULL = YES;
				CLANG_ANALYZER_NUMBER_OBJECT_CONVERSION = YES_AGGRESSIVE;
				CLANG_CXX_LANGUAGE_STANDARD = "gnu++17";
				CLANG_ENABLE_MODULES = YES;
				CLANG_ENABLE_OBJC_ARC = YES;
				CLANG_ENABLE_OBJC_WEAK = YES;
				CLANG_WARN_BLOCK_CAPTURE_AUTORELEASING = YES;
				CLANG_WARN_BOOL_CONVERSION = YES;
				CLANG_WARN_COMMA = YES;
				CLANG_WARN_CONSTANT_CONVERSION = YES;
				CLANG_WARN_DEPRECATED_OBJC_IMPLEMENTATIONS = YES;
				CLANG_WARN_DIRECT_OBJC_ISA_USAGE = YES_ERROR;
				CLANG_WARN_DOCUMENTATION_COMMENTS = YES;
				CLANG_WARN_EMPTY_BODY = YES;
				CLANG_WARN_ENUM_CONVERSION = YES;
				CLANG_WARN_INFINITE_RECURSION = YES;
				CLANG_WARN_INT_CONVERSION = YES;
				CLANG_WARN_NON_LITERAL_NULL_CONVERSION = YES;
				CLANG_WARN_OBJC_IMPLICIT_RETAIN_SELF = YES;
				CLANG_WARN_OBJC_LITERAL_CONVERSION = YES;
				CLANG_WARN_OBJC_ROOT_CLASS = YES_ERROR;
				CLANG_WARN_QUOTED_INCLUDE_IN_FRAMEWORK_HEADER = YES;
				CLANG_WARN_RANGE_LOOP_ANALYSIS = YES;
				CLANG_WARN_STRICT_PROTOTYPES = YES;
				CLANG_WARN_SUSPICIOUS_MOVE = YES;
				CLANG_WARN_UNGUARDED_AVAILABILITY = YES_AGGRESSIVE;
				CLANG_WARN_UNREACHABLE_CODE = YES;
				CLANG_WARN__DUPLICATE_METHOD_MATCH = YES;
				COPY_PHASE_STRIP = NO;
				DEBUG_INFORMATION_FORMAT = dwarf;
				ENABLE_STRICT_OBJC_MSGSEND = YES;
				ENABLE_TESTABILITY = YES;
				GCC_C_LANGUAGE_STANDARD = gnu11;
				GCC_DYNAMIC_NO_PIC = NO;
				GCC_NO_COMMON_BLOCKS = YES;
				GCC_OPTIMIZATION_LEVEL = 0;
				GCC_PREPROCESSOR_DEFINITIONS = (
					"DEBUG=1",
					"$(inherited)",
				);
				GCC_WARN_64_TO_32_BIT_CONVERSION = YES;
				GCC_WARN_ABOUT_RETURN_TYPE = YES_ERROR;
				GCC_WARN_UNDECLARED_SELECTOR = YES;
				GCC_WARN_UNINITIALIZED_AUTOS = YES_AGGRESSIVE;
				GCC_WARN_UNUSED_FUNCTION = YES;
				GCC_WARN_UNUSED_VARIABLE = YES;
				IPHONEOS_DEPLOYMENT_TARGET = 15.5;
				MTL_ENABLE_DEBUG_INFO = INCLUDE_SOURCE;
				MTL_FAST_MATH = YES;
				ONLY_ACTIVE_ARCH = YES;
				SDKROOT = iphoneos;
				SWIFT_ACTIVE_COMPILATION_CONDITIONS = DEBUG;
				SWIFT_OPTIMIZATION_LEVEL = "-Onone";
			};
			name = Debug;
		};
		F0DBB00C28B26EE40078F35A /* Release */ = {
			isa = XCBuildConfiguration;
			buildSettings = {
				ALWAYS_SEARCH_USER_PATHS = NO;
				CLANG_ANALYZER_NONNULL = YES;
				CLANG_ANALYZER_NUMBER_OBJECT_CONVERSION = YES_AGGRESSIVE;
				CLANG_CXX_LANGUAGE_STANDARD = "gnu++17";
				CLANG_ENABLE_MODULES = YES;
				CLANG_ENABLE_OBJC_ARC = YES;
				CLANG_ENABLE_OBJC_WEAK = YES;
				CLANG_WARN_BLOCK_CAPTURE_AUTORELEASING = YES;
				CLANG_WARN_BOOL_CONVERSION = YES;
				CLANG_WARN_COMMA = YES;
				CLANG_WARN_CONSTANT_CONVERSION = YES;
				CLANG_WARN_DEPRECATED_OBJC_IMPLEMENTATIONS = YES;
				CLANG_WARN_DIRECT_OBJC_ISA_USAGE = YES_ERROR;
				CLANG_WARN_DOCUMENTATION_COMMENTS = YES;
				CLANG_WARN_EMPTY_BODY = YES;
				CLANG_WARN_ENUM_CONVERSION = YES;
				CLANG_WARN_INFINITE_RECURSION = YES;
				CLANG_WARN_INT_CONVERSION = YES;
				CLANG_WARN_NON_LITERAL_NULL_CONVERSION = YES;
				CLANG_WARN_OBJC_IMPLICIT_RETAIN_SELF = YES;
				CLANG_WARN_OBJC_LITERAL_CONVERSION = YES;
				CLANG_WARN_OBJC_ROOT_CLASS = YES_ERROR;
				CLANG_WARN_QUOTED_INCLUDE_IN_FRAMEWORK_HEADER = YES;
				CLANG_WARN_RANGE_LOOP_ANALYSIS = YES;
				CLANG_WARN_STRICT_PROTOTYPES = YES;
				CLANG_WARN_SUSPICIOUS_MOVE = YES;
				CLANG_WARN_UNGUARDED_AVAILABILITY = YES_AGGRESSIVE;
				CLANG_WARN_UNREACHABLE_CODE = YES;
				CLANG_WARN__DUPLICATE_METHOD_MATCH = YES;
				COPY_PHASE_STRIP = NO;
				DEBUG_INFORMATION_FORMAT = "dwarf-with-dsym";
				ENABLE_NS_ASSERTIONS = NO;
				ENABLE_STRICT_OBJC_MSGSEND = YES;
				GCC_C_LANGUAGE_STANDARD = gnu11;
				GCC_NO_COMMON_BLOCKS = YES;
				GCC_WARN_64_TO_32_BIT_CONVERSION = YES;
				GCC_WARN_ABOUT_RETURN_TYPE = YES_ERROR;
				GCC_WARN_UNDECLARED_SELECTOR = YES;
				GCC_WARN_UNINITIALIZED_AUTOS = YES_AGGRESSIVE;
				GCC_WARN_UNUSED_FUNCTION = YES;
				GCC_WARN_UNUSED_VARIABLE = YES;
				IPHONEOS_DEPLOYMENT_TARGET = 15.5;
				MTL_ENABLE_DEBUG_INFO = NO;
				MTL_FAST_MATH = YES;
				SDKROOT = iphoneos;
				SWIFT_COMPILATION_MODE = wholemodule;
				SWIFT_OPTIMIZATION_LEVEL = "-O";
				VALIDATE_PRODUCT = YES;
			};
			name = Release;
		};
		F0DBB00E28B26EE40078F35A /* Debug */ = {
			isa = XCBuildConfiguration;
			buildSettings = {
				ASSETCATALOG_COMPILER_APPICON_NAME = AppIcon;
				ASSETCATALOG_COMPILER_GLOBAL_ACCENT_COLOR_NAME = AccentColor;
				CODE_SIGN_STYLE = Automatic;
				CURRENT_PROJECT_VERSION = 1;
				DEVELOPMENT_TEAM = 8UV3Y69NB7;
				GENERATE_INFOPLIST_FILE = YES;
				INFOPLIST_FILE = "Cahpter03-CSTabBar/Info.plist";
				INFOPLIST_KEY_UIApplicationSupportsIndirectInputEvents = YES;
				INFOPLIST_KEY_UILaunchStoryboardName = LaunchScreen;
				INFOPLIST_KEY_UIMainStoryboardFile = Main;
				INFOPLIST_KEY_UISupportedInterfaceOrientations_iPad = "UIInterfaceOrientationPortrait UIInterfaceOrientationPortraitUpsideDown UIInterfaceOrientationLandscapeLeft UIInterfaceOrientationLandscapeRight";
				INFOPLIST_KEY_UISupportedInterfaceOrientations_iPhone = "UIInterfaceOrientationPortrait UIInterfaceOrientationLandscapeLeft UIInterfaceOrientationLandscapeRight";
				LD_RUNPATH_SEARCH_PATHS = (
					"$(inherited)",
					"@executable_path/Frameworks",
				);
				MARKETING_VERSION = 1.0;
				PRODUCT_BUNDLE_IDENTIFIER = "gaeng2y.Cahpter03-CSTabBar";
				PRODUCT_NAME = "$(TARGET_NAME)";
				SWIFT_EMIT_LOC_STRINGS = YES;
				SWIFT_VERSION = 5.0;
				TARGETED_DEVICE_FAMILY = "1,2";
			};
			name = Debug;
		};
		F0DBB00F28B26EE40078F35A /* Release */ = {
			isa = XCBuildConfiguration;
			buildSettings = {
				ASSETCATALOG_COMPILER_APPICON_NAME = AppIcon;
				ASSETCATALOG_COMPILER_GLOBAL_ACCENT_COLOR_NAME = AccentColor;
				CODE_SIGN_STYLE = Automatic;
				CURRENT_PROJECT_VERSION = 1;
				DEVELOPMENT_TEAM = 8UV3Y69NB7;
				GENERATE_INFOPLIST_FILE = YES;
				INFOPLIST_FILE = "Cahpter03-CSTabBar/Info.plist";
				INFOPLIST_KEY_UIApplicationSupportsIndirectInputEvents = YES;
				INFOPLIST_KEY_UILaunchStoryboardName = LaunchScreen;
				INFOPLIST_KEY_UIMainStoryboardFile = Main;
				INFOPLIST_KEY_UISupportedInterfaceOrientations_iPad = "UIInterfaceOrientationPortrait UIInterfaceOrientationPortraitUpsideDown UIInterfaceOrientationLandscapeLeft UIInterfaceOrientationLandscapeRight";
				INFOPLIST_KEY_UISupportedInterfaceOrientations_iPhone = "UIInterfaceOrientationPortrait UIInterfaceOrientationLandscapeLeft UIInterfaceOrientationLandscapeRight";
				LD_RUNPATH_SEARCH_PATHS = (
					"$(inherited)",
					"@executable_path/Frameworks",
				);
				MARKETING_VERSION = 1.0;
				PRODUCT_BUNDLE_IDENTIFIER = "gaeng2y.Cahpter03-CSTabBar";
				PRODUCT_NAME = "$(TARGET_NAME)";
				SWIFT_EMIT_LOC_STRINGS = YES;
				SWIFT_VERSION = 5.0;
				TARGETED_DEVICE_FAMILY = "1,2";
			};
			name = Release;
		};
		F0DBB01128B26EE40078F35A /* Debug */ = {
			isa = XCBuildConfiguration;
			buildSettings = {
				ALWAYS_EMBED_SWIFT_STANDARD_LIBRARIES = YES;
				BUNDLE_LOADER = "$(TEST_HOST)";
				CODE_SIGN_STYLE = Automatic;
				CURRENT_PROJECT_VERSION = 1;
				DEVELOPMENT_TEAM = 8UV3Y69NB7;
				GENERATE_INFOPLIST_FILE = YES;
				IPHONEOS_DEPLOYMENT_TARGET = 15.5;
				MARKETING_VERSION = 1.0;
				PRODUCT_BUNDLE_IDENTIFIER = "gaeng2y.Cahpter03-CSTabBarTests";
				PRODUCT_NAME = "$(TARGET_NAME)";
				SWIFT_EMIT_LOC_STRINGS = NO;
				SWIFT_VERSION = 5.0;
				TARGETED_DEVICE_FAMILY = "1,2";
				TEST_HOST = "$(BUILT_PRODUCTS_DIR)/Cahpter03-CSTabBar.app/Cahpter03-CSTabBar";
			};
			name = Debug;
		};
		F0DBB01228B26EE40078F35A /* Release */ = {
			isa = XCBuildConfiguration;
			buildSettings = {
				ALWAYS_EMBED_SWIFT_STANDARD_LIBRARIES = YES;
				BUNDLE_LOADER = "$(TEST_HOST)";
				CODE_SIGN_STYLE = Automatic;
				CURRENT_PROJECT_VERSION = 1;
				DEVELOPMENT_TEAM = 8UV3Y69NB7;
				GENERATE_INFOPLIST_FILE = YES;
				IPHONEOS_DEPLOYMENT_TARGET = 15.5;
				MARKETING_VERSION = 1.0;
				PRODUCT_BUNDLE_IDENTIFIER = "gaeng2y.Cahpter03-CSTabBarTests";
				PRODUCT_NAME = "$(TARGET_NAME)";
				SWIFT_EMIT_LOC_STRINGS = NO;
				SWIFT_VERSION = 5.0;
				TARGETED_DEVICE_FAMILY = "1,2";
				TEST_HOST = "$(BUILT_PRODUCTS_DIR)/Cahpter03-CSTabBar.app/Cahpter03-CSTabBar";
			};
			name = Release;
		};
		F0DBB01428B26EE40078F35A /* Debug */ = {
			isa = XCBuildConfiguration;
			buildSettings = {
				ALWAYS_EMBED_SWIFT_STANDARD_LIBRARIES = YES;
				CODE_SIGN_STYLE = Automatic;
				CURRENT_PROJECT_VERSION = 1;
				DEVELOPMENT_TEAM = 8UV3Y69NB7;
				GENERATE_INFOPLIST_FILE = YES;
				MARKETING_VERSION = 1.0;
				PRODUCT_BUNDLE_IDENTIFIER = "gaeng2y.Cahpter03-CSTabBarUITests";
				PRODUCT_NAME = "$(TARGET_NAME)";
				SWIFT_EMIT_LOC_STRINGS = NO;
				SWIFT_VERSION = 5.0;
				TARGETED_DEVICE_FAMILY = "1,2";
				TEST_TARGET_NAME = "Cahpter03-CSTabBar";
			};
			name = Debug;
		};
		F0DBB01528B26EE40078F35A /* Release */ = {
			isa = XCBuildConfiguration;
			buildSettings = {
				ALWAYS_EMBED_SWIFT_STANDARD_LIBRARIES = YES;
				CODE_SIGN_STYLE = Automatic;
				CURRENT_PROJECT_VERSION = 1;
				DEVELOPMENT_TEAM = 8UV3Y69NB7;
				GENERATE_INFOPLIST_FILE = YES;
				MARKETING_VERSION = 1.0;
				PRODUCT_BUNDLE_IDENTIFIER = "gaeng2y.Cahpter03-CSTabBarUITests";
				PRODUCT_NAME = "$(TARGET_NAME)";
				SWIFT_EMIT_LOC_STRINGS = NO;
				SWIFT_VERSION = 5.0;
				TARGETED_DEVICE_FAMILY = "1,2";
				TEST_TARGET_NAME = "Cahpter03-CSTabBar";
			};
			name = Release;
		};
/* End XCBuildConfiguration section */

/* Begin XCConfigurationList section */
		F0DBAFDE28B26EE20078F35A /* Build configuration list for PBXProject "Cahpter03-CSTabBar" */ = {
			isa = XCConfigurationList;
			buildConfigurations = (
				F0DBB00B28B26EE40078F35A /* Debug */,
				F0DBB00C28B26EE40078F35A /* Release */,
			);
			defaultConfigurationIsVisible = 0;
			defaultConfigurationName = Release;
		};
		F0DBB00D28B26EE40078F35A /* Build configuration list for PBXNativeTarget "Cahpter03-CSTabBar" */ = {
			isa = XCConfigurationList;
			buildConfigurations = (
				F0DBB00E28B26EE40078F35A /* Debug */,
				F0DBB00F28B26EE40078F35A /* Release */,
			);
			defaultConfigurationIsVisible = 0;
			defaultConfigurationName = Release;
		};
		F0DBB01028B26EE40078F35A /* Build configuration list for PBXNativeTarget "Cahpter03-CSTabBarTests" */ = {
			isa = XCConfigurationList;
			buildConfigurations = (
				F0DBB01128B26EE40078F35A /* Debug */,
				F0DBB01228B26EE40078F35A /* Release */,
			);
			defaultConfigurationIsVisible = 0;
			defaultConfigurationName = Release;
		};
		F0DBB01328B26EE40078F35A /* Build configuration list for PBXNativeTarget "Cahpter03-CSTabBarUITests" */ = {
			isa = XCConfigurationList;
			buildConfigurations = (
				F0DBB01428B26EE40078F35A /* Debug */,
				F0DBB01528B26EE40078F35A /* Release */,
			);
			defaultConfigurationIsVisible = 0;
			defaultConfigurationName = Release;
		};
/* End XCConfigurationList section */
	};
	rootObject = F0DBAFDB28B26EE20078F35A /* Project object */;
}
